
Microsoft Visual Studio Solution File, Format Version 12.00
# Visual Studio Version 17
VisualStudioVersion = 17.7.34221.43
MinimumVisualStudioVersion = 10.0.40219.1
Project("{FAE04EC0-301F-11D3-BF4B-00C04F79EFBC}") = "TiendaFunko", "TiendaFunko\TiendaFunko.csproj", "{BEA3ECF4-272C-45EA-9D28-CFA7F2B4B2BC}"
EndProject
Global
	GlobalSection(SolutionConfigurationPlatforms) = preSolution
		Debug|Any CPU = Debug|Any CPU
		Release|Any CPU = Release|Any CPU
	EndGlobalSection
	GlobalSection(ProjectConfigurationPlatforms) = postSolution
		{BEA3ECF4-272C-45EA-9D28-CFA7F2B4B2BC}.Debug|Any CPU.ActiveCfg = Debug|Any CPU
		{BEA3ECF4-272C-45EA-9D28-CFA7F2B4B2BC}.Debug|Any CPU.Build.0 = Debug|Any CPU
		{BEA3ECF4-272C-45EA-9D28-CFA7F2B4B2BC}.Release|Any CPU.ActiveCfg = Release|Any CPU
		{BEA3ECF4-272C-45EA-9D28-CFA7F2B4B2BC}.Release|Any CPU.Build.0 = Release|Any CPU
	EndGlobalSection
	GlobalSection(SolutionProperties) = preSolution
		HideSolutionNode = FALSE
	EndGlobalSection
	GlobalSection(ExtensibilityGlobals) = postSolution
		SolutionGuid = {CD75E605-DA59-44BE-8105-1DF766E2C027}
	EndGlobalSection
EndGlobal
